
Microsoft Visual Studio Solution File, Format Version 12.00
# Visual Studio 15
VisualStudioVersion = 15.0.28307.757
MinimumVisualStudioVersion = 10.0.40219.1
Project("{FAE04EC0-301F-11D3-BF4B-00C04F79EFBC}") = "Siakad", "Siakad\Siakad.csproj", "{C7811303-B948-4AF0-8EA9-3E59E0349001}"
EndProject
Global
	GlobalSection(SolutionConfigurationPlatforms) = preSolution
		Debug|Any CPU = Debug|Any CPU
		Release|Any CPU = Release|Any CPU
	EndGlobalSection
	GlobalSection(ProjectConfigurationPlatforms) = postSolution
		{C7811303-B948-4AF0-8EA9-3E59E0349001}.Debug|Any CPU.ActiveCfg = Debug|Any CPU
		{C7811303-B948-4AF0-8EA9-3E59E0349001}.Debug|Any CPU.Build.0 = Debug|Any CPU
		{C7811303-B948-4AF0-8EA9-3E59E0349001}.Release|Any CPU.ActiveCfg = Release|Any CPU
		{C7811303-B948-4AF0-8EA9-3E59E0349001}.Release|Any CPU.Build.0 = Release|Any CPU
	EndGlobalSection
	GlobalSection(SolutionProperties) = preSolution
		HideSolutionNode = FALSE
	EndGlobalSection
	GlobalSection(ExtensibilityGlobals) = postSolution
		SolutionGuid = {ECAE99CB-57DF-4CAF-A54A-418913BD902D}
	EndGlobalSection
EndGlobal
